
Microsoft Visual Studio Solution File, Format Version 12.00
# Visual Studio Version 16
VisualStudioVersion = 16.0.33214.272
MinimumVisualStudioVersion = 10.0.40219.1
Project("{FAE04EC0-301F-11D3-BF4B-00C04F79EFBC}") = "MathTest", "MathTest.csproj", "{BF2538F3-EB11-4E20-8C2F-F9C4FC06AFD0}"
EndProject
Global
	GlobalSection(SolutionConfigurationPlatforms) = preSolution
		Debug|Any CPU = Debug|Any CPU
		Release|Any CPU = Release|Any CPU
	EndGlobalSection
	GlobalSection(ProjectConfigurationPlatforms) = postSolution
		{BF2538F3-EB11-4E20-8C2F-F9C4FC06AFD0}.Debug|Any CPU.ActiveCfg = Debug|Any CPU
		{BF2538F3-EB11-4E20-8C2F-F9C4FC06AFD0}.Debug|Any CPU.Build.0 = Debug|Any CPU
		{BF2538F3-EB11-4E20-8C2F-F9C4FC06AFD0}.Release|Any CPU.ActiveCfg = Release|Any CPU
		{BF2538F3-EB11-4E20-8C2F-F9C4FC06AFD0}.Release|Any CPU.Build.0 = Release|Any CPU
	EndGlobalSection
	GlobalSection(SolutionProperties) = preSolution
		HideSolutionNode = FALSE
	EndGlobalSection
	GlobalSection(ExtensibilityGlobals) = postSolution
		SolutionGuid = {5CE22971-D8FF-4146-ABD9-1BA8037637E1}
	EndGlobalSection
EndGlobal
