
Microsoft Visual Studio Solution File, Format Version 12.00
# Visual Studio Version 16
VisualStudioVersion = 16.0.33214.272
MinimumVisualStudioVersion = 10.0.40219.1
Project("{FAE04EC0-301F-11D3-BF4B-00C04F79EFBC}") = "MiscTest", "MiscTest.csproj", "{8E308F12-75D4-467A-9285-1F05A6C32AC8}"
EndProject
Global
	GlobalSection(SolutionConfigurationPlatforms) = preSolution
		Debug|Any CPU = Debug|Any CPU
		Release|Any CPU = Release|Any CPU
	EndGlobalSection
	GlobalSection(ProjectConfigurationPlatforms) = postSolution
		{8E308F12-75D4-467A-9285-1F05A6C32AC8}.Debug|Any CPU.ActiveCfg = Debug|Any CPU
		{8E308F12-75D4-467A-9285-1F05A6C32AC8}.Debug|Any CPU.Build.0 = Debug|Any CPU
		{8E308F12-75D4-467A-9285-1F05A6C32AC8}.Release|Any CPU.ActiveCfg = Release|Any CPU
		{8E308F12-75D4-467A-9285-1F05A6C32AC8}.Release|Any CPU.Build.0 = Release|Any CPU
	EndGlobalSection
	GlobalSection(SolutionProperties) = preSolution
		HideSolutionNode = FALSE
	EndGlobalSection
	GlobalSection(ExtensibilityGlobals) = postSolution
		SolutionGuid = {5692EE15-3652-42AF-A74B-BF132F7D7E7D}
	EndGlobalSection
EndGlobal
